
Microsoft Visual Studio Solution File, Format Version 12.00
# Visual Studio Version 17
VisualStudioVersion = 17.12.35506.116 d17.12
MinimumVisualStudioVersion = 10.0.40219.1
Project("{FAE04EC0-301F-11D3-BF4B-00C04F79EFBC}") = "Memoria Dinamica", "Memoria Dinamica\Memoria Dinamica.csproj", "{2ED7E411-9DE8-4939-AE4B-39B1A3357CA0}"
EndProject
Global
	GlobalSection(SolutionConfigurationPlatforms) = preSolution
		Debug|Any CPU = Debug|Any CPU
		Release|Any CPU = Release|Any CPU
	EndGlobalSection
	GlobalSection(ProjectConfigurationPlatforms) = postSolution
		{2ED7E411-9DE8-4939-AE4B-39B1A3357CA0}.Debug|Any CPU.ActiveCfg = Debug|Any CPU
		{2ED7E411-9DE8-4939-AE4B-39B1A3357CA0}.Debug|Any CPU.Build.0 = Debug|Any CPU
		{2ED7E411-9DE8-4939-AE4B-39B1A3357CA0}.Release|Any CPU.ActiveCfg = Release|Any CPU
		{2ED7E411-9DE8-4939-AE4B-39B1A3357CA0}.Release|Any CPU.Build.0 = Release|Any CPU
	EndGlobalSection
	GlobalSection(SolutionProperties) = preSolution
		HideSolutionNode = FALSE
	EndGlobalSection
EndGlobal
